// !$*UTF8*$!
{
	archiveVersion = 1;
	classes = {
	};
	objectVersion = 56;
	objects = {

/* Begin PBXBuildFile section */
		380C02D52A0FF78500624065 /* AppDelegate.swift in Sources */ = {isa = PBXBuildFile; fileRef = 380C02D42A0FF78500624065 /* AppDelegate.swift */; };
		380C02D72A0FF78500624065 /* SceneDelegate.swift in Sources */ = {isa = PBXBuildFile; fileRef = 380C02D62A0FF78500624065 /* SceneDelegate.swift */; };
		380C02D92A0FF78500624065 /* HomeVC.swift in Sources */ = {isa = PBXBuildFile; fileRef = 380C02D82A0FF78500624065 /* HomeVC.swift */; };
		380C02DE2A0FF78600624065 /* Assets.xcassets in Resources */ = {isa = PBXBuildFile; fileRef = 380C02DD2A0FF78600624065 /* Assets.xcassets */; };
		380C02E12A0FF78600624065 /* LaunchScreen.storyboard in Resources */ = {isa = PBXBuildFile; fileRef = 380C02DF2A0FF78600624065 /* LaunchScreen.storyboard */; };
		380C02EC2A0FF81D00624065 /* HomeScreen.swift in Sources */ = {isa = PBXBuildFile; fileRef = 380C02EB2A0FF81D00624065 /* HomeScreen.swift */; };
		380C02F02A0FF84900624065 /* HomeViewModel.swift in Sources */ = {isa = PBXBuildFile; fileRef = 380C02EF2A0FF84900624065 /* HomeViewModel.swift */; };
		380C02F32A0FFC0F00624065 /* UIView + Extension.swift in Sources */ = {isa = PBXBuildFile; fileRef = 380C02F22A0FFC0F00624065 /* UIView + Extension.swift */; };
		380C02F52A0FFE1400624065 /* UIColor + Extension.swift in Sources */ = {isa = PBXBuildFile; fileRef = 380C02F42A0FFE1400624065 /* UIColor + Extension.swift */; };
/* End PBXBuildFile section */

/* Begin PBXFileReference section */
		380C02D12A0FF78500624065 /* Fitness-Weekly.app */ = {isa = PBXFileReference; explicitFileType = wrapper.application; includeInIndex = 0; path = "Fitness-Weekly.app"; sourceTree = BUILT_PRODUCTS_DIR; };
		380C02D42A0FF78500624065 /* AppDelegate.swift */ = {isa = PBXFileReference; lastKnownFileType = sourcecode.swift; path = AppDelegate.swift; sourceTree = "<group>"; };
		380C02D62A0FF78500624065 /* SceneDelegate.swift */ = {isa = PBXFileReference; lastKnownFileType = sourcecode.swift; path = SceneDelegate.swift; sourceTree = "<group>"; };
		380C02D82A0FF78500624065 /* HomeVC.swift */ = {isa = PBXFileReference; lastKnownFileType = sourcecode.swift; path = HomeVC.swift; sourceTree = "<group>"; };
		380C02DD2A0FF78600624065 /* Assets.xcassets */ = {isa = PBXFileReference; lastKnownFileType = folder.assetcatalog; path = Assets.xcassets; sourceTree = "<group>"; };
		380C02E02A0FF78600624065 /* Base */ = {isa = PBXFileReference; lastKnownFileType = file.storyboard; name = Base; path = Base.lproj/LaunchScreen.storyboard; sourceTree = "<group>"; };
		380C02E22A0FF78600624065 /* Info.plist */ = {isa = PBXFileReference; lastKnownFileType = text.plist.xml; path = Info.plist; sourceTree = "<group>"; };
		380C02EB2A0FF81D00624065 /* HomeScreen.swift */ = {isa = PBXFileReference; lastKnownFileType = sourcecode.swift; path = HomeScreen.swift; sourceTree = "<group>"; };
		380C02EF2A0FF84900624065 /* HomeViewModel.swift */ = {isa = PBXFileReference; lastKnownFileType = sourcecode.swift; path = HomeViewModel.swift; sourceTree = "<group>"; };
		380C02F22A0FFC0F00624065 /* UIView + Extension.swift */ = {isa = PBXFileReference; lastKnownFileType = sourcecode.swift; path = "UIView + Extension.swift"; sourceTree = "<group>"; };
		380C02F42A0FFE1400624065 /* UIColor + Extension.swift */ = {isa = PBXFileReference; lastKnownFileType = sourcecode.swift; path = "UIColor + Extension.swift"; sourceTree = "<group>"; };
/* End PBXFileReference section */

/* Begin PBXFrameworksBuildPhase section */
		380C02CE2A0FF78500624065 /* Frameworks */ = {
			isa = PBXFrameworksBuildPhase;
			buildActionMask = 2147483647;
			files = (
			);
			runOnlyForDeploymentPostprocessing = 0;
		};
/* End PBXFrameworksBuildPhase section */

/* Begin PBXGroup section */
		380C02C82A0FF78500624065 = {
			isa = PBXGroup;
			children = (
				380C02D32A0FF78500624065 /* Fitness-Weekly */,
				380C02D22A0FF78500624065 /* Products */,
			);
			sourceTree = "<group>";
		};
		380C02D22A0FF78500624065 /* Products */ = {
			isa = PBXGroup;
			children = (
				380C02D12A0FF78500624065 /* Fitness-Weekly.app */,
			);
			name = Products;
			sourceTree = "<group>";
		};
		380C02D32A0FF78500624065 /* Fitness-Weekly */ = {
			isa = PBXGroup;
			children = (
				380C02D42A0FF78500624065 /* AppDelegate.swift */,
				380C02D62A0FF78500624065 /* SceneDelegate.swift */,
				380C02E82A0FF7D800624065 /* src */,
				380C02DD2A0FF78600624065 /* Assets.xcassets */,
				380C02DF2A0FF78600624065 /* LaunchScreen.storyboard */,
				380C02E22A0FF78600624065 /* Info.plist */,
			);
			path = "Fitness-Weekly";
			sourceTree = "<group>";
		};
		380C02E82A0FF7D800624065 /* src */ = {
			isa = PBXGroup;
			children = (
				380C02F12A0FFBC300624065 /* Extension */,
				380C02E92A0FF80400624065 /* Home */,
			);
			path = src;
			sourceTree = "<group>";
		};
		380C02E92A0FF80400624065 /* Home */ = {
			isa = PBXGroup;
			children = (
				380C02EE2A0FF83600624065 /* HomeViewModel */,
				380C02ED2A0FF82700624065 /* HomeVC */,
				380C02EA2A0FF80E00624065 /* Screen */,
			);
			path = Home;
			sourceTree = "<group>";
		};
		380C02EA2A0FF80E00624065 /* Screen */ = {
			isa = PBXGroup;
			children = (
				380C02EB2A0FF81D00624065 /* HomeScreen.swift */,
			);
			path = Screen;
			sourceTree = "<group>";
		};
		380C02ED2A0FF82700624065 /* HomeVC */ = {
			isa = PBXGroup;
			children = (
				380C02D82A0FF78500624065 /* HomeVC.swift */,
			);
			path = HomeVC;
			sourceTree = "<group>";
		};
		380C02EE2A0FF83600624065 /* HomeViewModel */ = {
			isa = PBXGroup;
			children = (
				380C02EF2A0FF84900624065 /* HomeViewModel.swift */,
			);
			path = HomeViewModel;
			sourceTree = "<group>";
		};
		380C02F12A0FFBC300624065 /* Extension */ = {
			isa = PBXGroup;
			children = (
				380C02F22A0FFC0F00624065 /* UIView + Extension.swift */,
				380C02F42A0FFE1400624065 /* UIColor + Extension.swift */,
			);
			path = Extension;
			sourceTree = "<group>";
		};
/* End PBXGroup section */

/* Begin PBXNativeTarget section */
		380C02D02A0FF78500624065 /* Fitness-Weekly */ = {
			isa = PBXNativeTarget;
			buildConfigurationList = 380C02E52A0FF78600624065 /* Build configuration list for PBXNativeTarget "Fitness-Weekly" */;
			buildPhases = (
				380C02CD2A0FF78500624065 /* Sources */,
				380C02CE2A0FF78500624065 /* Frameworks */,
				380C02CF2A0FF78500624065 /* Resources */,
			);
			buildRules = (
			);
			dependencies = (
			);
			name = "Fitness-Weekly";
			productName = "Fitness-Weekly";
			productReference = 380C02D12A0FF78500624065 /* Fitness-Weekly.app */;
			productType = "com.apple.product-type.application";
		};
/* End PBXNativeTarget section */

/* Begin PBXProject section */
		380C02C92A0FF78500624065 /* Project object */ = {
			isa = PBXProject;
			attributes = {
				BuildIndependentTargetsInParallel = 1;
				LastSwiftUpdateCheck = 1430;
				LastUpgradeCheck = 1430;
				TargetAttributes = {
					380C02D02A0FF78500624065 = {
						CreatedOnToolsVersion = 14.3;
					};
				};
			};
			buildConfigurationList = 380C02CC2A0FF78500624065 /* Build configuration list for PBXProject "Fitness-Weekly" */;
			compatibilityVersion = "Xcode 14.0";
			developmentRegion = en;
			hasScannedForEncodings = 0;
			knownRegions = (
				en,
				Base,
			);
			mainGroup = 380C02C82A0FF78500624065;
			productRefGroup = 380C02D22A0FF78500624065 /* Products */;
			projectDirPath = "";
			projectRoot = "";
			targets = (
				380C02D02A0FF78500624065 /* Fitness-Weekly */,
			);
		};
/* End PBXProject section */

/* Begin PBXResourcesBuildPhase section */
		380C02CF2A0FF78500624065 /* Resources */ = {
			isa = PBXResourcesBuildPhase;
			buildActionMask = 2147483647;
			files = (
				380C02E12A0FF78600624065 /* LaunchScreen.storyboard in Resources */,
				380C02DE2A0FF78600624065 /* Assets.xcassets in Resources */,
			);
			runOnlyForDeploymentPostprocessing = 0;
		};
/* End PBXResourcesBuildPhase section */

/* Begin PBXSourcesBuildPhase section */
		380C02CD2A0FF78500624065 /* Sources */ = {
			isa = PBXSourcesBuildPhase;
			buildActionMask = 2147483647;
			files = (
				380C02F52A0FFE1400624065 /* UIColor + Extension.swift in Sources */,
				380C02F32A0FFC0F00624065 /* UIView + Extension.swift in Sources */,
				380C02EC2A0FF81D00624065 /* HomeScreen.swift in Sources */,
				380C02D92A0FF78500624065 /* HomeVC.swift in Sources */,
				380C02D52A0FF78500624065 /* AppDelegate.swift in Sources */,
				380C02F02A0FF84900624065 /* HomeViewModel.swift in Sources */,
				380C02D72A0FF78500624065 /* SceneDelegate.swift in Sources */,
			);
			runOnlyForDeploymentPostprocessing = 0;
		};
/* End PBXSourcesBuildPhase section */

/* Begin PBXVariantGroup section */
		380C02DF2A0FF78600624065 /* LaunchScreen.storyboard */ = {
			isa = PBXVariantGroup;
			children = (
				380C02E02A0FF78600624065 /* Base */,
			);
			name = LaunchScreen.storyboard;
			sourceTree = "<group>";
		};
/* End PBXVariantGroup section */

/* Begin XCBuildConfiguration section */
		380C02E32A0FF78600624065 /* Debug */ = {
			isa = XCBuildConfiguration;
			buildSettings = {
				ALWAYS_SEARCH_USER_PATHS = NO;
				CLANG_ANALYZER_NONNULL = YES;
				CLANG_ANALYZER_NUMBER_OBJECT_CONVERSION = YES_AGGRESSIVE;
				CLANG_CXX_LANGUAGE_STANDARD = "gnu++20";
				CLANG_ENABLE_MODULES = YES;
				CLANG_ENABLE_OBJC_ARC = YES;
				CLANG_ENABLE_OBJC_WEAK = YES;
				CLANG_WARN_BLOCK_CAPTURE_AUTORELEASING = YES;
				CLANG_WARN_BOOL_CONVERSION = YES;
				CLANG_WARN_COMMA = YES;
				CLANG_WARN_CONSTANT_CONVERSION = YES;
				CLANG_WARN_DEPRECATED_OBJC_IMPLEMENTATIONS = YES;
				CLANG_WARN_DIRECT_OBJC_ISA_USAGE = YES_ERROR;
				CLANG_WARN_DOCUMENTATION_COMMENTS = YES;
				CLANG_WARN_EMPTY_BODY = YES;
				CLANG_WARN_ENUM_CONVERSION = YES;
				CLANG_WARN_INFINITE_RECURSION = YES;
				CLANG_WARN_INT_CONVERSION = YES;
				CLANG_WARN_NON_LITERAL_NULL_CONVERSION = YES;
				CLANG_WARN_OBJC_IMPLICIT_RETAIN_SELF = YES;
				CLANG_WARN_OBJC_LITERAL_CONVERSION = YES;
				CLANG_WARN_OBJC_ROOT_CLASS = YES_ERROR;
				CLANG_WARN_QUOTED_INCLUDE_IN_FRAMEWORK_HEADER = YES;
				CLANG_WARN_RANGE_LOOP_ANALYSIS = YES;
				CLANG_WARN_STRICT_PROTOTYPES = YES;
				CLANG_WARN_SUSPICIOUS_MOVE = YES;
				CLANG_WARN_UNGUARDED_AVAILABILITY = YES_AGGRESSIVE;
				CLANG_WARN_UNREACHABLE_CODE = YES;
				CLANG_WARN__DUPLICATE_METHOD_MATCH = YES;
				COPY_PHASE_STRIP = NO;
				DEBUG_INFORMATION_FORMAT = dwarf;
				ENABLE_STRICT_OBJC_MSGSEND = YES;
				ENABLE_TESTABILITY = YES;
				GCC_C_LANGUAGE_STANDARD = gnu11;
				GCC_DYNAMIC_NO_PIC = NO;
				GCC_NO_COMMON_BLOCKS = YES;
				GCC_OPTIMIZATION_LEVEL = 0;
				GCC_PREPROCESSOR_DEFINITIONS = (
					"DEBUG=1",
					"$(inherited)",
				);
				GCC_WARN_64_TO_32_BIT_CONVERSION = YES;
				GCC_WARN_ABOUT_RETURN_TYPE = YES_ERROR;
				GCC_WARN_UNDECLARED_SELECTOR = YES;
				GCC_WARN_UNINITIALIZED_AUTOS = YES_AGGRESSIVE;
				GCC_WARN_UNUSED_FUNCTION = YES;
				GCC_WARN_UNUSED_VARIABLE = YES;
				IPHONEOS_DEPLOYMENT_TARGET = 16.4;
				MTL_ENABLE_DEBUG_INFO = INCLUDE_SOURCE;
				MTL_FAST_MATH = YES;
				ONLY_ACTIVE_ARCH = YES;
				SDKROOT = iphoneos;
				SWIFT_ACTIVE_COMPILATION_CONDITIONS = DEBUG;
				SWIFT_OPTIMIZATION_LEVEL = "-Onone";
			};
			name = Debug;
		};
		380C02E42A0FF78600624065 /* Release */ = {
			isa = XCBuildConfiguration;
			buildSettings = {
				ALWAYS_SEARCH_USER_PATHS = NO;
				CLANG_ANALYZER_NONNULL = YES;
				CLANG_ANALYZER_NUMBER_OBJECT_CONVERSION = YES_AGGRESSIVE;
				CLANG_CXX_LANGUAGE_STANDARD = "gnu++20";
				CLANG_ENABLE_MODULES = YES;
				CLANG_ENABLE_OBJC_ARC = YES;
				CLANG_ENABLE_OBJC_WEAK = YES;
				CLANG_WARN_BLOCK_CAPTURE_AUTORELEASING = YES;
				CLANG_WARN_BOOL_CONVERSION = YES;
				CLANG_WARN_COMMA = YES;
				CLANG_WARN_CONSTANT_CONVERSION = YES;
				CLANG_WARN_DEPRECATED_OBJC_IMPLEMENTATIONS = YES;
				CLANG_WARN_DIRECT_OBJC_ISA_USAGE = YES_ERROR;
				CLANG_WARN_DOCUMENTATION_COMMENTS = YES;
				CLANG_WARN_EMPTY_BODY = YES;
				CLANG_WARN_ENUM_CONVERSION = YES;
				CLANG_WARN_INFINITE_RECURSION = YES;
				CLANG_WARN_INT_CONVERSION = YES;
				CLANG_WARN_NON_LITERAL_NULL_CONVERSION = YES;
				CLANG_WARN_OBJC_IMPLICIT_RETAIN_SELF = YES;
				CLANG_WARN_OBJC_LITERAL_CONVERSION = YES;
				CLANG_WARN_OBJC_ROOT_CLASS = YES_ERROR;
				CLANG_WARN_QUOTED_INCLUDE_IN_FRAMEWORK_HEADER = YES;
				CLANG_WARN_RANGE_LOOP_ANALYSIS = YES;
				CLANG_WARN_STRICT_PROTOTYPES = YES;
				CLANG_WARN_SUSPICIOUS_MOVE = YES;
				CLANG_WARN_UNGUARDED_AVAILABILITY = YES_AGGRESSIVE;
				CLANG_WARN_UNREACHABLE_CODE = YES;
				CLANG_WARN__DUPLICATE_METHOD_MATCH = YES;
				COPY_PHASE_STRIP = NO;
				DEBUG_INFORMATION_FORMAT = "dwarf-with-dsym";
				ENABLE_NS_ASSERTIONS = NO;
				ENABLE_STRICT_OBJC_MSGSEND = YES;
				GCC_C_LANGUAGE_STANDARD = gnu11;
				GCC_NO_COMMON_BLOCKS = YES;
				GCC_WARN_64_TO_32_BIT_CONVERSION = YES;
				GCC_WARN_ABOUT_RETURN_TYPE = YES_ERROR;
				GCC_WARN_UNDECLARED_SELECTOR = YES;
				GCC_WARN_UNINITIALIZED_AUTOS = YES_AGGRESSIVE;
				GCC_WARN_UNUSED_FUNCTION = YES;
				GCC_WARN_UNUSED_VARIABLE = YES;
				IPHONEOS_DEPLOYMENT_TARGET = 16.4;
				MTL_ENABLE_DEBUG_INFO = NO;
				MTL_FAST_MATH = YES;
				SDKROOT = iphoneos;
				SWIFT_COMPILATION_MODE = wholemodule;
				SWIFT_OPTIMIZATION_LEVEL = "-O";
				VALIDATE_PRODUCT = YES;
			};
			name = Release;
		};
		380C02E62A0FF78600624065 /* Debug */ = {
			isa = XCBuildConfiguration;
			buildSettings = {
				ASSETCATALOG_COMPILER_APPICON_NAME = AppIcon;
				ASSETCATALOG_COMPILER_GLOBAL_ACCENT_COLOR_NAME = AccentColor;
				CODE_SIGN_STYLE = Automatic;
				CURRENT_PROJECT_VERSION = 1;
				DEVELOPMENT_TEAM = B4R97N34U3;
				GENERATE_INFOPLIST_FILE = YES;
				INFOPLIST_FILE = "Fitness-Weekly/Info.plist";
				INFOPLIST_KEY_UIApplicationSupportsIndirectInputEvents = YES;
				INFOPLIST_KEY_UILaunchStoryboardName = LaunchScreen;
				INFOPLIST_KEY_UIMainStoryboardFile = "";
				INFOPLIST_KEY_UISupportedInterfaceOrientations_iPad = "UIInterfaceOrientationPortrait UIInterfaceOrientationPortraitUpsideDown UIInterfaceOrientationLandscapeLeft UIInterfaceOrientationLandscapeRight";
				INFOPLIST_KEY_UISupportedInterfaceOrientations_iPhone = "UIInterfaceOrientationPortrait UIInterfaceOrientationLandscapeLeft UIInterfaceOrientationLandscapeRight";
				LD_RUNPATH_SEARCH_PATHS = (
					"$(inherited)",
					"@executable_path/Frameworks",
				);
				MARKETING_VERSION = 1.0;
				PRODUCT_BUNDLE_IDENTIFIER = "com.a1.Fitness-Weekly";
				PRODUCT_NAME = "$(TARGET_NAME)";
				SWIFT_EMIT_LOC_STRINGS = YES;
				SWIFT_VERSION = 5.0;
				TARGETED_DEVICE_FAMILY = "1,2";
			};
			name = Debug;
		};
		380C02E72A0FF78600624065 /* Release */ = {
			isa = XCBuildConfiguration;
			buildSettings = {
				ASSETCATALOG_COMPILER_APPICON_NAME = AppIcon;
				ASSETCATALOG_COMPILER_GLOBAL_ACCENT_COLOR_NAME = AccentColor;
				CODE_SIGN_STYLE = Automatic;
				CURRENT_PROJECT_VERSION = 1;
				DEVELOPMENT_TEAM = B4R97N34U3;
				GENERATE_INFOPLIST_FILE = YES;
				INFOPLIST_FILE = "Fitness-Weekly/Info.plist";
				INFOPLIST_KEY_UIApplicationSupportsIndirectInputEvents = YES;
				INFOPLIST_KEY_UILaunchStoryboardName = LaunchScreen;
				INFOPLIST_KEY_UIMainStoryboardFile = "";
				INFOPLIST_KEY_UISupportedInterfaceOrientations_iPad = "UIInterfaceOrientationPortrait UIInterfaceOrientationPortraitUpsideDown UIInterfaceOrientationLandscapeLeft UIInterfaceOrientationLandscapeRight";
				INFOPLIST_KEY_UISupportedInterfaceOrientations_iPhone = "UIInterfaceOrientationPortrait UIInterfaceOrientationLandscapeLeft UIInterfaceOrientationLandscapeRight";
				LD_RUNPATH_SEARCH_PATHS = (
					"$(inherited)",
					"@executable_path/Frameworks",
				);
				MARKETING_VERSION = 1.0;
				PRODUCT_BUNDLE_IDENTIFIER = "com.a1.Fitness-Weekly";
				PRODUCT_NAME = "$(TARGET_NAME)";
				SWIFT_EMIT_LOC_STRINGS = YES;
				SWIFT_VERSION = 5.0;
				TARGETED_DEVICE_FAMILY = "1,2";
			};
			name = Release;
		};
/* End XCBuildConfiguration section */

/* Begin XCConfigurationList section */
		380C02CC2A0FF78500624065 /* Build configuration list for PBXProject "Fitness-Weekly" */ = {
			isa = XCConfigurationList;
			buildConfigurations = (
				380C02E32A0FF78600624065 /* Debug */,
				380C02E42A0FF78600624065 /* Release */,
			);
			defaultConfigurationIsVisible = 0;
			defaultConfigurationName = Release;
		};
		380C02E52A0FF78600624065 /* Build configuration list for PBXNativeTarget "Fitness-Weekly" */ = {
			isa = XCConfigurationList;
			buildConfigurations = (
				380C02E62A0FF78600624065 /* Debug */,
				380C02E72A0FF78600624065 /* Release */,
			);
			defaultConfigurationIsVisible = 0;
			defaultConfigurationName = Release;
		};
/* End XCConfigurationList section */
	};
	rootObject = 380C02C92A0FF78500624065 /* Project object */;
}
